# This file is automatically @generated by Poetry 1.8.3 and should not be changed by hand.

[[package]]
name = "click"
version = "8.1.7"
description = "Composable command line interface toolkit"
optional = false
python-versions = ">=3.7"
files = [
    {file = "click-8.1.7-py3-none-any.whl", hash = "sha256:ae74fb96c20a0277a1d615f1e4d73c8414f5a98db8b799a7931d1582f3390c28"},
    {file = "click-8.1.7.tar.gz", hash = "sha256:ca9853ad459e787e2192211578cc907e7594e294c7ccc834310722b41b9ca6de"},
]

[package.dependencies]
colorama = {version = "*", markers = "platform_system == \"Windows\""}

[[package]]
name = "colorama"
version = "0.4.6"
description = "Cross-platform colored terminal text."
optional = false
python-versions = "!=3.0.*,!=3.1.*,!=3.2.*,!=3.3.*,!=3.4.*,!=3.5.*,!=3.6.*,>=2.7"
files = [
    {file = "colorama-0.4.6-py2.py3-none-any.whl", hash = "sha256:4f1d9991f5acc0ca119f9d443620b77f9d6b33703e51011c16baf57afb285fc6"},
    {file = "colorama-0.4.6.tar.gz", hash = "sha256:08695f5cb7ed6e0531a20572697297273c47b8cae5a63ffc6d6ed5c201be6e44"},
]

[[package]]
name = "maya-umbrella"
version = "0.12.1"
description = "Check and fix maya virus."
optional = false
python-versions = "!=3.0.*,!=3.1.*,!=3.2.*,!=3.3.*,!=3.4.*,!=3.5.*,>=2.7"
files = [
    {file = "maya_umbrella-0.12.1-py2.py3-none-any.whl", hash = "sha256:6bd589a74a29bc7610157e696fe9700a9e21d678ab4b1f517ab7952be45cd2fa"},
    {file = "maya_umbrella-0.12.1.tar.gz", hash = "sha256:f80aa386c62a3a31ec1965c3c721e5a7ac9f5937e949d8f0a2bd094d366579aa"},
]

[metadata]
lock-version = "2.0"
python-versions = "^3.9"
content-hash = "49b95a20775b372480ef58239b6ede4a25edabb096faa7e70b07d2823646ce0e"
